<?xml version="1.0" encoding="UTF-8" standalone="yes" ?>
<CodeBlocks_project_file>
	<FileVersion major="1" minor="6" />
	<Project>
		<Option title="Parte_1" />
		<Option pch_mode="2" />
		<Option compiler="gcc" />
		<Build>
			<Target title="Debug">
				<Option output="bin/Debug/ProjetoAED2" prefix_auto="1" extension_auto="1" />
				<Option object_output="obj/Debug/" />
				<Option type="1" />
				<Option compiler="gcc" />
				<Compiler>
					<Add option="-g" />
				</Compiler>
			</Target>
			<Target title="Release">
				<Option output="bin/Release/ProjetoAED2" prefix_auto="1" extension_auto="1" />
				<Option object_output="obj/Release/" />
				<Option type="1" />
				<Option compiler="gcc" />
				<Compiler>
					<Add option="-O2" />
				</Compiler>
				<Linker>
					<Add option="-s" />
				</Linker>
			</Target>
		</Build>
		<Compiler>
			<Add option="-Wall" />
		</Compiler>
		<Unit filename="Aed21.c">
			<Option compilerVar="CC" />
		</Unit>
		<Unit filename="Filadefoguetes.h" />
		<Unit filename="gerenciador.c">
			<Option compilerVar="CC" />
		</Unit>
		<Unit filename="heap.c">
			<Option compilerVar="CC" />
		</Unit>
		<Unit filename="heap.h" />
<<<<<<< HEAD:Parte_1/Parte_1.cbp
		<Unit filename="main.c">
			<Option compilerVar="CC" />
		</Unit>
		<Unit filename="nave.c">
			<Option compilerVar="CC" />
		</Unit>
		<Unit filename="nave.h" />
		<Unit filename="numeros.txt" />
		<Unit filename="passageiro.c">
			<Option compilerVar="CC" />
		</Unit>
		<Unit filename="passageiro.h" />
		<Extensions />
=======
		<Extensions>
			<lib_finder disable_auto="1" />
		</Extensions>
>>>>>>> 5e58219ebf4b90778ed2ccdbbc0b5aeef4336d4a:Parte_1/Aed2.cbp
	</Project>
</CodeBlocks_project_file>
